
Microsoft Visual Studio Solution File, Format Version 12.00
# Visual Studio Version 16
VisualStudioVersion = 16.0.32929.386
MinimumVisualStudioVersion = 10.0.40219.1
Project("{9A19103F-16F7-4668-BE54-9A1E7A4F7556}") = "OnlineShop", "OnlineShop.csproj", "{01044E6D-0292-49DC-AB5E-8A8EC8F01BA3}"
EndProject
Global
	GlobalSection(SolutionConfigurationPlatforms) = preSolution
		Debug|Any CPU = Debug|Any CPU
		Release|Any CPU = Release|Any CPU
	EndGlobalSection
	GlobalSection(ProjectConfigurationPlatforms) = postSolution
		{01044E6D-0292-49DC-AB5E-8A8EC8F01BA3}.Debug|Any CPU.ActiveCfg = Debug|Any CPU
		{01044E6D-0292-49DC-AB5E-8A8EC8F01BA3}.Debug|Any CPU.Build.0 = Debug|Any CPU
		{01044E6D-0292-49DC-AB5E-8A8EC8F01BA3}.Release|Any CPU.ActiveCfg = Release|Any CPU
		{01044E6D-0292-49DC-AB5E-8A8EC8F01BA3}.Release|Any CPU.Build.0 = Release|Any CPU
	EndGlobalSection
	GlobalSection(SolutionProperties) = preSolution
		HideSolutionNode = FALSE
	EndGlobalSection
	GlobalSection(ExtensibilityGlobals) = postSolution
		SolutionGuid = {04FD0C61-6FD0-4FE3-ADC3-B222F76EC786}
	EndGlobalSection
EndGlobal
